
Microsoft Visual Studio Solution File, Format Version 12.00
# Visual Studio Version 17
VisualStudioVersion = 17.5.002.0
MinimumVisualStudioVersion = 10.0.40219.1
Project("{9A19103F-16F7-4668-BE54-9A1E7A4F7556}") = "app", "src\app.csproj", "{B2C45A76-23CC-49D3-B31E-60DA3033B34D}"
EndProject
Global
	GlobalSection(SolutionConfigurationPlatforms) = preSolution
		Debug|Any CPU = Debug|Any CPU
		Release|Any CPU = Release|Any CPU
	EndGlobalSection
	GlobalSection(ProjectConfigurationPlatforms) = postSolution
		{B2C45A76-23CC-49D3-B31E-60DA3033B34D}.Debug|Any CPU.ActiveCfg = Debug|Any CPU
		{B2C45A76-23CC-49D3-B31E-60DA3033B34D}.Debug|Any CPU.Build.0 = Debug|Any CPU
		{B2C45A76-23CC-49D3-B31E-60DA3033B34D}.Release|Any CPU.ActiveCfg = Release|Any CPU
		{B2C45A76-23CC-49D3-B31E-60DA3033B34D}.Release|Any CPU.Build.0 = Release|Any CPU
	EndGlobalSection
	GlobalSection(SolutionProperties) = preSolution
		HideSolutionNode = FALSE
	EndGlobalSection
	GlobalSection(ExtensibilityGlobals) = postSolution
		SolutionGuid = {1A78DDEA-4174-4F0E-880D-CE7CC33241D8}
	EndGlobalSection
EndGlobal
