
Microsoft Visual Studio Solution File, Format Version 12.00
# Visual Studio Version 16
VisualStudioVersion = 16.0.29806.167
MinimumVisualStudioVersion = 10.0.40219.1
Project("{9A19103F-16F7-4668-BE54-9A1E7A4F7556}") = "app", "app.csproj", "{0380CBDD-5BA6-4C25-AFC3-70E7486023EC}"
EndProject
Global
	GlobalSection(SolutionConfigurationPlatforms) = preSolution
		Debug|Any CPU = Debug|Any CPU
		Release|Any CPU = Release|Any CPU
		Staging|Any CPU = Staging|Any CPU
	EndGlobalSection
	GlobalSection(ProjectConfigurationPlatforms) = postSolution
		{0380CBDD-5BA6-4C25-AFC3-70E7486023EC}.Debug|Any CPU.ActiveCfg = Debug|Any CPU
		{0380CBDD-5BA6-4C25-AFC3-70E7486023EC}.Debug|Any CPU.Build.0 = Debug|Any CPU
		{0380CBDD-5BA6-4C25-AFC3-70E7486023EC}.Release|Any CPU.ActiveCfg = Release|Any CPU
		{0380CBDD-5BA6-4C25-AFC3-70E7486023EC}.Release|Any CPU.Build.0 = Release|Any CPU
		{0380CBDD-5BA6-4C25-AFC3-70E7486023EC}.Staging|Any CPU.ActiveCfg = Staging|Any CPU
		{0380CBDD-5BA6-4C25-AFC3-70E7486023EC}.Staging|Any CPU.Build.0 = Staging|Any CPU
	EndGlobalSection
	GlobalSection(SolutionProperties) = preSolution
		HideSolutionNode = FALSE
	EndGlobalSection
	GlobalSection(ExtensibilityGlobals) = postSolution
		SolutionGuid = {BE6376A9-B811-4330-93CA-AFDCC829BFD9}
	EndGlobalSection
EndGlobal
